
Microsoft Visual Studio Solution File, Format Version 12.00
# Visual Studio Version 16
VisualStudioVersion = 16.0.30804.86
MinimumVisualStudioVersion = 10.0.40219.1
Project("{FAE04EC0-301F-11D3-BF4B-00C04F79EFBC}") = "Console RPG game", "Console RPG game.csproj", "{BF636B8D-3BDA-4011-82FE-476791A780AA}"
EndProject
Global
	GlobalSection(SolutionConfigurationPlatforms) = preSolution
		Debug|Any CPU = Debug|Any CPU
		Release|Any CPU = Release|Any CPU
	EndGlobalSection
	GlobalSection(ProjectConfigurationPlatforms) = postSolution
		{BF636B8D-3BDA-4011-82FE-476791A780AA}.Debug|Any CPU.ActiveCfg = Debug|Any CPU
		{BF636B8D-3BDA-4011-82FE-476791A780AA}.Debug|Any CPU.Build.0 = Debug|Any CPU
		{BF636B8D-3BDA-4011-82FE-476791A780AA}.Release|Any CPU.ActiveCfg = Release|Any CPU
		{BF636B8D-3BDA-4011-82FE-476791A780AA}.Release|Any CPU.Build.0 = Release|Any CPU
	EndGlobalSection
	GlobalSection(SolutionProperties) = preSolution
		HideSolutionNode = FALSE
	EndGlobalSection
	GlobalSection(ExtensibilityGlobals) = postSolution
		SolutionGuid = {0D6FF44E-CD11-426D-88E0-50039A1E287F}
	EndGlobalSection
EndGlobal
